<?xml version="1.0" encoding="utf-8"?>
<Project ToolsVersion="4.0" xmlns="http://schemas.microsoft.com/developer/msbuild/2003">
  <ItemGroup>
    <Filter Include="Source Files">
      <UniqueIdentifier>{4FC737F1-C7A5-4376-A066-2A32D752A2FF}</UniqueIdentifier>
      <Extensions>cpp;c;cc;cxx;def;odl;idl;hpj;bat;asm;asmx</Extensions>
    </Filter>
    <Filter Include="Header Files">
      <UniqueIdentifier>{93995380-89BD-4b04-88EB-625FBE52EBFB}</UniqueIdentifier>
      <Extensions>h;hh;hpp;hxx;hm;inl;inc;xsd</Extensions>
    </Filter>
    <Filter Include="Resource Files">
      <UniqueIdentifier>{67DA6AB6-F800-4c08-8B7A-83BB121AAD01}</UniqueIdentifier>
      <Extensions>rc;ico;cur;bmp;dlg;rc2;rct;bin;rgs;gif;jpg;jpeg;jpe;resx;tiff;tif;png;wav;mfcribbon-ms</Extensions>
    </Filter>
    <Filter Include="Source Files\fileIO">
      <UniqueIdentifier>{53ac6e93-02e1-4601-a4cf-eea68948f1c3}</UniqueIdentifier>
    </Filter>
    <Filter Include="Header Files\fileIO">
      <UniqueIdentifier>{4e71ebfb-691e-4887-852d-552512f55754}</UniqueIdentifier>
    </Filter>
    <Filter Include="Source Files\handlers">
      <UniqueIdentifier>{e66be601-550d-4180-bc2e-8247407931c2}</UniqueIdentifier>
    </Filter>
    <Filter Include="Header Files\handlers">
      <UniqueIdentifier>{6b5a8b9f-a788-41c3-ba91-a966d46d3d6e}</UniqueIdentifier>
    </Filter>
    <Filter Include="Resource Files\res">
      <UniqueIdentifier>{55092f20-9bf7-4259-8a3a-06d61778c3fe}</UniqueIdentifier>
    </Filter>
  </ItemGroup>
  <ItemGroup>
    <ClCompile Include="main.cpp">
      <Filter>Source Files</Filter>
    </ClCompile>
    <ClCompile Include="Engine.cpp">
      <Filter>Source Files</Filter>
    </ClCompile>
    <ClCompile Include="FileIO.cpp">
      <Filter>Source Files\fileIO</Filter>
    </ClCompile>
    <ClCompile Include="ResMan.cpp">
      <Filter>Source Files\fileIO</Filter>
    </ClCompile>
    <ClCompile Include="Settings.cpp">
      <Filter>Source Files\fileIO</Filter>
    </ClCompile>
    <ClCompile Include="BallContainer.cpp">
      <Filter>Source Files</Filter>
    </ClCompile>
    <ClCompile Include="Timer.cpp">
      <Filter>Source Files</Filter>
    </ClCompile>
    <ClCompile Include="Ball.cpp">
      <Filter>Source Files</Filter>
    </ClCompile>
    <ClCompile Include="Block.cpp">
      <Filter>Source Files</Filter>
    </ClCompile>
    <ClCompile Include="Paddle.cpp">
      <Filter>Source Files</Filter>
    </ClCompile>
    <ClCompile Include="PowerupContainer.cpp">
      <Filter>Source Files</Filter>
    </ClCompile>
    <ClCompile Include="PowerupHandler.cpp">
      <Filter>Source Files\handlers</Filter>
    </ClCompile>
    <ClCompile Include="PlayerPaddleHandler.cpp">
      <Filter>Source Files\handlers</Filter>
    </ClCompile>
    <ClCompile Include="BlockArrayHandler.cpp">
      <Filter>Source Files\handlers</Filter>
    </ClCompile>
    <ClCompile Include="Score.cpp">
      <Filter>Source Files</Filter>
    </ClCompile>
    <ClCompile Include="MainMenu.cpp">
      <Filter>Source Files</Filter>
    </ClCompile>
    <ClCompile Include="SettingsMenu.cpp">
      <Filter>Source Files</Filter>
    </ClCompile>
    <ClCompile Include="MenuHandler.cpp">
      <Filter>Source Files\handlers</Filter>
    </ClCompile>
    <ClCompile Include="keyBinds.cpp">
      <Filter>Source Files</Filter>
    </ClCompile>
    <ClCompile Include="ControlsMenu.cpp">
      <Filter>Source Files</Filter>
    </ClCompile>
    <ClCompile Include="SoundMan.cpp">
      <Filter>Source Files\fileIO</Filter>
    </ClCompile>
    <ClCompile Include="LastFrameCollisions.cpp">
      <Filter>Source Files</Filter>
    </ClCompile>
    <ClCompile Include="CollidableObject.cpp">
      <Filter>Source Files</Filter>
    </ClCompile>
    <ClCompile Include="Laser.cpp">
      <Filter>Source Files</Filter>
    </ClCompile>
  </ItemGroup>
  <ItemGroup>
    <ClInclude Include="Engine.h">
      <Filter>Header Files</Filter>
    </ClInclude>
    <ClInclude Include="FileIO.h">
      <Filter>Header Files\fileIO</Filter>
    </ClInclude>
    <ClInclude Include="ResMan.h">
      <Filter>Header Files\fileIO</Filter>
    </ClInclude>
    <ClInclude Include="Settings.h">
      <Filter>Header Files\fileIO</Filter>
    </ClInclude>
    <ClInclude Include="BallContainer.h">
      <Filter>Header Files</Filter>
    </ClInclude>
    <ClInclude Include="Timer.h">
      <Filter>Header Files</Filter>
    </ClInclude>
    <ClInclude Include="Ball.h">
      <Filter>Header Files</Filter>
    </ClInclude>
    <ClInclude Include="Block.h">
      <Filter>Header Files</Filter>
    </ClInclude>
    <ClInclude Include="Paddle.h">
      <Filter>Header Files</Filter>
    </ClInclude>
    <ClInclude Include="PowerupContainer.h">
      <Filter>Header Files</Filter>
    </ClInclude>
    <ClInclude Include="CollisionDetection.h">
      <Filter>Header Files</Filter>
    </ClInclude>
    <ClInclude Include="PowerupHandler.h">
      <Filter>Header Files\handlers</Filter>
    </ClInclude>
    <ClInclude Include="PlayerPaddleHandler.h">
      <Filter>Header Files\handlers</Filter>
    </ClInclude>
    <ClInclude Include="BlockArrayHandler.h">
      <Filter>Header Files\handlers</Filter>
    </ClInclude>
    <ClInclude Include="Score.h">
      <Filter>Header Files</Filter>
    </ClInclude>
    <ClInclude Include="MainMenu.h">
      <Filter>Header Files</Filter>
    </ClInclude>
    <ClInclude Include="SettingsMenu.h">
      <Filter>Header Files</Filter>
    </ClInclude>
    <ClInclude Include="MenuHandler.h">
      <Filter>Header Files\handlers</Filter>
    </ClInclude>
    <ClInclude Include="keyBinds.h">
      <Filter>Header Files</Filter>
    </ClInclude>
    <ClInclude Include="ControlsMenu.h">
      <Filter>Header Files</Filter>
    </ClInclude>
    <ClInclude Include="SoundMan.h">
      <Filter>Header Files\fileIO</Filter>
    </ClInclude>
    <ClInclude Include="LastFrameCollisions.h">
      <Filter>Header Files</Filter>
    </ClInclude>
    <ClInclude Include="CollidableObject.h">
      <Filter>Header Files</Filter>
    </ClInclude>
    <ClInclude Include="Laser.h">
      <Filter>Header Files</Filter>
    </ClInclude>
  </ItemGroup>
  <ItemGroup>
    <Image Include="..\Release\res\ball.png">
      <Filter>Resource Files\res</Filter>
    </Image>
    <Image Include="..\Release\res\heart.png">
      <Filter>Resource Files\res</Filter>
    </Image>
    <Image Include="..\Release\res\laser.png">
      <Filter>Resource Files\res</Filter>
    </Image>
    <Image Include="..\Release\res\slow.png">
      <Filter>Resource Files\res</Filter>
    </Image>
    <Image Include="..\Release\res\tripleball.png">
      <Filter>Resource Files\res</Filter>
    </Image>
    <Image Include="..\Release\res\widepaddle.png">
      <Filter>Resource Files\res</Filter>
    </Image>
  </ItemGroup>
  <ItemGroup>
    <Font Include="..\Release\res\arial.ttf">
      <Filter>Resource Files\res</Filter>
    </Font>
  </ItemGroup>
  <ItemGroup>
    <Image Include="..\Release\res\ball.png">
      <Filter>Resource Files\res</Filter>
    </Image>
    <Image Include="..\Release\res\heart.png">
      <Filter>Resource Files\res</Filter>
    </Image>
    <Image Include="..\Release\res\laser.png">
      <Filter>Resource Files\res</Filter>
    </Image>
    <Image Include="..\Release\res\slow.png">
      <Filter>Resource Files\res</Filter>
    </Image>
    <Image Include="..\Release\res\tripleball.png">
      <Filter>Resource Files\res</Filter>
    </Image>
    <Image Include="..\Release\res\widepaddle.png">
      <Filter>Resource Files\res</Filter>
    </Image>
  </ItemGroup>
  <ItemGroup>
    <Font Include="..\Release\res\arial.ttf">
      <Filter>Resource Files\res</Filter>
    </Font>
  </ItemGroup>
</Project>